{
  "name": "data-agent-library",
  "version": "1.0.0",
  "lockfileVersion": 2,
  "requires": true,
  "packages": {
    "": {
      "name": "data-agent-library",
      "version": "1.0.0",
      "license": "ISC",
      "dependencies": {
        "@ipld/dag-cbor": "^7.0.1",
        "@ipld/dag-json": "^8.0.8",
        "@multiformats/sha3": "^2.0.8",
        "blockstore-core": "^1.0.5",
        "multiformats": "^9.6.4"
      }
    },
    "node_modules/@ipld/dag-cbor": {
      "version": "7.0.1",
      "resolved": "https://registry.npmjs.org/@ipld/dag-cbor/-/dag-cbor-7.0.1.tgz",
      "integrity": "sha512-XqG8VEzHjQDC/Qcy5Gyf1kvAav5VuAugc6c7VtdaRLI+3d8lJrUP3F76GYJNNXuEnRZ58cCBnNNglkIGTdg1+A==",
      "dependencies": {
        "cborg": "^1.6.0",
        "multiformats": "^9.5.4"
      }
    },
    "node_modules/@ipld/dag-json": {
      "version": "8.0.8",
      "resolved": "https://registry.npmjs.org/@ipld/dag-json/-/dag-json-8.0.8.tgz",
      "integrity": "sha512-oEtnvIO3Q6CtIJsWt2qSF6twW2vzlfuv+XWutfkWMvH0w+PFhxjtc3OWAyHnzzNQz5dXUzLe+xuyXKr0ab7gvA==",
      "dependencies": {
        "cborg": "^1.5.4",
        "multiformats": "^9.5.4"
      }
    },
    "node_modules/@multiformats/sha3": {
      "version": "2.0.8",
      "resolved": "https://registry.npmjs.org/@multiformats/sha3/-/sha3-2.0.8.tgz",
      "integrity": "sha512-AyXWMtvjGZQT/kXo9aNynep7RLME7BpJfPG6wVMFuv3EhtUstReZOaaHa5d1vlB14iPJkrm5E6F1CRhRhsK7vA==",
      "dependencies": {
        "js-sha3": "^0.8.0",
        "multiformats": "^9.5.4"
      }
    },
    "node_modules/blockstore-core": {
      "version": "1.0.5",
      "resolved": "https://registry.npmjs.org/blockstore-core/-/blockstore-core-1.0.5.tgz",
      "integrity": "sha512-i/9CUMMvBALVbtSqUIuiWB3tk//a4Q2I2CEWiBuYNnhJvk/DWplXjLt8Sqc5VGkRVXVPSsEuH8fUtqJt5UFYcA==",
      "dependencies": {
        "err-code": "^3.0.1",
        "interface-blockstore": "^2.0.2",
        "interface-store": "^2.0.1",
        "it-all": "^1.0.4",
        "it-drain": "^1.0.4",
        "it-filter": "^1.0.2",
        "it-take": "^1.0.1",
        "multiformats": "^9.4.7"
      }
    },
    "node_modules/cborg": {
      "version": "1.8.1",
      "resolved": "https://registry.npmjs.org/cborg/-/cborg-1.8.1.tgz",
      "integrity": "sha512-x49Vf1DUrS9rc+ar8QwOqfvA48H9YRn6UzcvlXpd1jKIzq2ebSR1R/yegu7MsskJew4+yc+3znWmud0PMJkR1Q==",
      "bin": {
        "cborg": "cli.js"
      }
    },
    "node_modules/err-code": {
      "version": "3.0.1",
      "resolved": "https://registry.npmjs.org/err-code/-/err-code-3.0.1.tgz",
      "integrity": "sha512-GiaH0KJUewYok+eeY05IIgjtAe4Yltygk9Wqp1V5yVWLdhf0hYZchRjNIT9bb0mSwRcIusT3cx7PJUf3zEIfUA=="
    },
    "node_modules/interface-blockstore": {
      "version": "2.0.3",
      "resolved": "https://registry.npmjs.org/interface-blockstore/-/interface-blockstore-2.0.3.tgz",
      "integrity": "sha512-OwVUnlNcx7H5HloK0Myv6c/C1q9cNG11HX6afdeU6q6kbuNj8jKCwVnmJHhC94LZaJ+9hvVOk4IUstb3Esg81w==",
      "dependencies": {
        "interface-store": "^2.0.2",
        "multiformats": "^9.0.4"
      }
    },
    "node_modules/interface-store": {
      "version": "2.0.2",
      "resolved": "https://registry.npmjs.org/interface-store/-/interface-store-2.0.2.tgz",
      "integrity": "sha512-rScRlhDcz6k199EkHqT8NpM87ebN89ICOzILoBHgaG36/WX50N32BnU/kpZgCGPLhARRAWUUX5/cyaIjt7Kipg=="
    },
    "node_modules/it-all": {
      "version": "1.0.6",
      "resolved": "https://registry.npmjs.org/it-all/-/it-all-1.0.6.tgz",
      "integrity": "sha512-3cmCc6Heqe3uWi3CVM/k51fa/XbMFpQVzFoDsV0IZNHSQDyAXl3c4MjHkFX5kF3922OGj7Myv1nSEUgRtcuM1A=="
    },
    "node_modules/it-drain": {
      "version": "1.0.5",
      "resolved": "https://registry.npmjs.org/it-drain/-/it-drain-1.0.5.tgz",
      "integrity": "sha512-r/GjkiW1bZswC04TNmUnLxa6uovme7KKwPhc+cb1hHU65E3AByypHH6Pm91WHuvqfFsm+9ws0kPtDBV3/8vmIg=="
    },
    "node_modules/it-filter": {
      "version": "1.0.3",
      "resolved": "https://registry.npmjs.org/it-filter/-/it-filter-1.0.3.tgz",
      "integrity": "sha512-EI3HpzUrKjTH01miLHWmhNWy3Xpbx4OXMXltgrNprL5lDpF3giVpHIouFpr5l+evXw6aOfxhnt01BIB+4VQA+w=="
    },
    "node_modules/it-take": {
      "version": "1.0.2",
      "resolved": "https://registry.npmjs.org/it-take/-/it-take-1.0.2.tgz",
      "integrity": "sha512-u7I6qhhxH7pSevcYNaMECtkvZW365ARqAIt9K+xjdK1B2WUDEjQSfETkOCT8bxFq/59LqrN3cMLUtTgmDBaygw=="
    },
    "node_modules/js-sha3": {
      "version": "0.8.0",
      "resolved": "https://registry.npmjs.org/js-sha3/-/js-sha3-0.8.0.tgz",
      "integrity": "sha512-gF1cRrHhIzNfToc802P800N8PpXS+evLLXfsVpowqmAFR9uwbi89WvXg2QspOmXL8QL86J4T1EpFu+yUkwJY3Q=="
    },
    "node_modules/multiformats": {
      "version": "9.6.4",
      "resolved": "https://registry.npmjs.org/multiformats/-/multiformats-9.6.4.tgz",
      "integrity": "sha512-fCCB6XMrr6CqJiHNjfFNGT0v//dxOBMrOMqUIzpPc/mmITweLEyhvMpY9bF+jZ9z3vaMAau5E8B68DW77QMXkg=="
    }
  },
  "dependencies": {
    "@ipld/dag-cbor": {
      "version": "7.0.1",
      "resolved": "https://registry.npmjs.org/@ipld/dag-cbor/-/dag-cbor-7.0.1.tgz",
      "integrity": "sha512-XqG8VEzHjQDC/Qcy5Gyf1kvAav5VuAugc6c7VtdaRLI+3d8lJrUP3F76GYJNNXuEnRZ58cCBnNNglkIGTdg1+A==",
      "requires": {
        "cborg": "^1.6.0",
        "multiformats": "^9.5.4"
      }
    },
    "@ipld/dag-json": {
      "version": "8.0.8",
      "resolved": "https://registry.npmjs.org/@ipld/dag-json/-/dag-json-8.0.8.tgz",
      "integrity": "sha512-oEtnvIO3Q6CtIJsWt2qSF6twW2vzlfuv+XWutfkWMvH0w+PFhxjtc3OWAyHnzzNQz5dXUzLe+xuyXKr0ab7gvA==",
      "requires": {
        "cborg": "^1.5.4",
        "multiformats": "^9.5.4"
      }
    },
    "@multiformats/sha3": {
      "version": "2.0.8",
      "resolved": "https://registry.npmjs.org/@multiformats/sha3/-/sha3-2.0.8.tgz",
      "integrity": "sha512-AyXWMtvjGZQT/kXo9aNynep7RLME7BpJfPG6wVMFuv3EhtUstReZOaaHa5d1vlB14iPJkrm5E6F1CRhRhsK7vA==",
      "requires": {
        "js-sha3": "^0.8.0",
        "multiformats": "^9.5.4"
      }
    },
    "blockstore-core": {
      "version": "1.0.5",
      "resolved": "https://registry.npmjs.org/blockstore-core/-/blockstore-core-1.0.5.tgz",
      "integrity": "sha512-i/9CUMMvBALVbtSqUIuiWB3tk//a4Q2I2CEWiBuYNnhJvk/DWplXjLt8Sqc5VGkRVXVPSsEuH8fUtqJt5UFYcA==",
      "requires": {
        "err-code": "^3.0.1",
        "interface-blockstore": "^2.0.2",
        "interface-store": "^2.0.1",
        "it-all": "^1.0.4",
        "it-drain": "^1.0.4",
        "it-filter": "^1.0.2",
        "it-take": "^1.0.1",
        "multiformats": "^9.4.7"
      }
    },
    "cborg": {
      "version": "1.8.1",
      "resolved": "https://registry.npmjs.org/cborg/-/cborg-1.8.1.tgz",
      "integrity": "sha512-x49Vf1DUrS9rc+ar8QwOqfvA48H9YRn6UzcvlXpd1jKIzq2ebSR1R/yegu7MsskJew4+yc+3znWmud0PMJkR1Q=="
    },
    "err-code": {
      "version": "3.0.1",
      "resolved": "https://registry.npmjs.org/err-code/-/err-code-3.0.1.tgz",
      "integrity": "sha512-GiaH0KJUewYok+eeY05IIgjtAe4Yltygk9Wqp1V5yVWLdhf0hYZchRjNIT9bb0mSwRcIusT3cx7PJUf3zEIfUA=="
    },
    "interface-blockstore": {
      "version": "2.0.3",
      "resolved": "https://registry.npmjs.org/interface-blockstore/-/interface-blockstore-2.0.3.tgz",
      "integrity": "sha512-OwVUnlNcx7H5HloK0Myv6c/C1q9cNG11HX6afdeU6q6kbuNj8jKCwVnmJHhC94LZaJ+9hvVOk4IUstb3Esg81w==",
      "requires": {
        "interface-store": "^2.0.2",
        "multiformats": "^9.0.4"
      }
    },
    "interface-store": {
      "version": "2.0.2",
      "resolved": "https://registry.npmjs.org/interface-store/-/interface-store-2.0.2.tgz",
      "integrity": "sha512-rScRlhDcz6k199EkHqT8NpM87ebN89ICOzILoBHgaG36/WX50N32BnU/kpZgCGPLhARRAWUUX5/cyaIjt7Kipg=="
    },
    "it-all": {
      "version": "1.0.6",
      "resolved": "https://registry.npmjs.org/it-all/-/it-all-1.0.6.tgz",
      "integrity": "sha512-3cmCc6Heqe3uWi3CVM/k51fa/XbMFpQVzFoDsV0IZNHSQDyAXl3c4MjHkFX5kF3922OGj7Myv1nSEUgRtcuM1A=="
    },
    "it-drain": {
      "version": "1.0.5",
      "resolved": "https://registry.npmjs.org/it-drain/-/it-drain-1.0.5.tgz",
      "integrity": "sha512-r/GjkiW1bZswC04TNmUnLxa6uovme7KKwPhc+cb1hHU65E3AByypHH6Pm91WHuvqfFsm+9ws0kPtDBV3/8vmIg=="
    },
    "it-filter": {
      "version": "1.0.3",
      "resolved": "https://registry.npmjs.org/it-filter/-/it-filter-1.0.3.tgz",
      "integrity": "sha512-EI3HpzUrKjTH01miLHWmhNWy3Xpbx4OXMXltgrNprL5lDpF3giVpHIouFpr5l+evXw6aOfxhnt01BIB+4VQA+w=="
    },
    "it-take": {
      "version": "1.0.2",
      "resolved": "https://registry.npmjs.org/it-take/-/it-take-1.0.2.tgz",
      "integrity": "sha512-u7I6qhhxH7pSevcYNaMECtkvZW365ARqAIt9K+xjdK1B2WUDEjQSfETkOCT8bxFq/59LqrN3cMLUtTgmDBaygw=="
    },
    "js-sha3": {
      "version": "0.8.0",
      "resolved": "https://registry.npmjs.org/js-sha3/-/js-sha3-0.8.0.tgz",
      "integrity": "sha512-gF1cRrHhIzNfToc802P800N8PpXS+evLLXfsVpowqmAFR9uwbi89WvXg2QspOmXL8QL86J4T1EpFu+yUkwJY3Q=="
    },
    "multiformats": {
      "version": "9.6.4",
      "resolved": "https://registry.npmjs.org/multiformats/-/multiformats-9.6.4.tgz",
      "integrity": "sha512-fCCB6XMrr6CqJiHNjfFNGT0v//dxOBMrOMqUIzpPc/mmITweLEyhvMpY9bF+jZ9z3vaMAau5E8B68DW77QMXkg=="
    }
  }
}
